
Microsoft Visual Studio Solution File, Format Version 12.00
# Visual Studio Version 17
VisualStudioVersion = 17.3.32825.248
MinimumVisualStudioVersion = 10.0.40219.1
Project("{FAE04EC0-301F-11D3-BF4B-00C04F79EFBC}") = "bset project", "bset project.csproj", "{CA3F2B75-6213-4931-A937-E5F9B5A5905E}"
EndProject
Global
	GlobalSection(SolutionConfigurationPlatforms) = preSolution
		Debug|Any CPU = Debug|Any CPU
		Release|Any CPU = Release|Any CPU
	EndGlobalSection
	GlobalSection(ProjectConfigurationPlatforms) = postSolution
		{CA3F2B75-6213-4931-A937-E5F9B5A5905E}.Debug|Any CPU.ActiveCfg = Debug|Any CPU
		{CA3F2B75-6213-4931-A937-E5F9B5A5905E}.Debug|Any CPU.Build.0 = Debug|Any CPU
		{CA3F2B75-6213-4931-A937-E5F9B5A5905E}.Release|Any CPU.ActiveCfg = Release|Any CPU
		{CA3F2B75-6213-4931-A937-E5F9B5A5905E}.Release|Any CPU.Build.0 = Release|Any CPU
	EndGlobalSection
	GlobalSection(SolutionProperties) = preSolution
		HideSolutionNode = FALSE
	EndGlobalSection
	GlobalSection(ExtensibilityGlobals) = postSolution
		SolutionGuid = {896563B2-62A8-4A00-A5E1-D325D39B42FE}
	EndGlobalSection
EndGlobal
